
Microsoft Visual Studio Solution File, Format Version 12.00
# Visual Studio Version 16
VisualStudioVersion = 16.0.31019.35
MinimumVisualStudioVersion = 10.0.40219.1
Project("{9A19103F-16F7-4668-BE54-9A1E7A4F7556}") = "RecipeScraper", "RecipeScraper\RecipeScraper.csproj", "{B096F872-0C10-4C18-8C7D-AF1A4A214C67}"
EndProject
Global
	GlobalSection(SolutionConfigurationPlatforms) = preSolution
		Debug|Any CPU = Debug|Any CPU
		Release|Any CPU = Release|Any CPU
	EndGlobalSection
	GlobalSection(ProjectConfigurationPlatforms) = postSolution
		{B096F872-0C10-4C18-8C7D-AF1A4A214C67}.Debug|Any CPU.ActiveCfg = Debug|Any CPU
		{B096F872-0C10-4C18-8C7D-AF1A4A214C67}.Debug|Any CPU.Build.0 = Debug|Any CPU
		{B096F872-0C10-4C18-8C7D-AF1A4A214C67}.Release|Any CPU.ActiveCfg = Release|Any CPU
		{B096F872-0C10-4C18-8C7D-AF1A4A214C67}.Release|Any CPU.Build.0 = Release|Any CPU
	EndGlobalSection
	GlobalSection(SolutionProperties) = preSolution
		HideSolutionNode = FALSE
	EndGlobalSection
	GlobalSection(ExtensibilityGlobals) = postSolution
		SolutionGuid = {E2426AA0-9E91-4D32-83D2-FAD657C91034}
	EndGlobalSection
EndGlobal
